PODS:
  - flutter_libserialport (0.0.1):
    - FlutterMacOS
    - libserialport
  - FlutterMacOS (1.0.0)
  - libserialport (0.1.1)
  - window_manager (0.2.0):
    - FlutterMacOS

DEPENDENCIES:
  - flutter_libserialport (from `Flutter/ephemeral/.symlinks/plugins/flutter_libserialport/macos`)
  - FlutterMacOS (from `Flutter/ephemeral`)
  - window_manager (from `Flutter/ephemeral/.symlinks/plugins/window_manager/macos`)

SPEC REPOS:
  trunk:
    - libserialport

EXTERNAL SOURCES:
  flutter_libserialport:
    :path: Flutter/ephemeral/.symlinks/plugins/flutter_libserialport/macos
  FlutterMacOS:
    :path: Flutter/ephemeral
  window_manager:
    :path: Flutter/ephemeral/.symlinks/plugins/window_manager/macos

SPEC CHECKSUMS:
  flutter_libserialport: d1a505fd4b05785f7b50cc7c93b361937ea1c5bd
  FlutterMacOS: d0db08ddef1a9af05a5ec4b724367152bb0500b1
  libserialport: 1cb25e66ef3c92a8e59c2ea3820302c3fa2268cd
  window_manager: 3a1844359a6295ab1e47659b1a777e36773cd6e8

PODFILE CHECKSUM: 0d3963a09fc94f580682bd88480486da345dc3f0

COCOAPODS: 1.16.2
